
Microsoft Visual Studio Solution File, Format Version 12.00
# Visual Studio Version 17
VisualStudioVersion = 17.3.32825.248
MinimumVisualStudioVersion = 10.0.40219.1
Project("{FAE04EC0-301F-11D3-BF4B-00C04F79EFBC}") = "Spanzuratoare", "Spanzuratoare\Spanzuratoare.csproj", "{D1F881E9-1651-4940-A8EE-44786E8B8075}"
EndProject
Global
	GlobalSection(SolutionConfigurationPlatforms) = preSolution
		Debug|Any CPU = Debug|Any CPU
		Release|Any CPU = Release|Any CPU
	EndGlobalSection
	GlobalSection(ProjectConfigurationPlatforms) = postSolution
		{D1F881E9-1651-4940-A8EE-44786E8B8075}.Debug|Any CPU.ActiveCfg = Debug|Any CPU
		{D1F881E9-1651-4940-A8EE-44786E8B8075}.Debug|Any CPU.Build.0 = Debug|Any CPU
		{D1F881E9-1651-4940-A8EE-44786E8B8075}.Release|Any CPU.ActiveCfg = Release|Any CPU
		{D1F881E9-1651-4940-A8EE-44786E8B8075}.Release|Any CPU.Build.0 = Release|Any CPU
	EndGlobalSection
	GlobalSection(SolutionProperties) = preSolution
		HideSolutionNode = FALSE
	EndGlobalSection
	GlobalSection(ExtensibilityGlobals) = postSolution
		SolutionGuid = {8D0EB7EA-41E4-4217-9972-215672D9E379}
	EndGlobalSection
EndGlobal
